
Microsoft Visual Studio Solution File, Format Version 12.00
# Visual Studio 2013
VisualStudioVersion = 12.0.21005.1
MinimumVisualStudioVersion = 10.0.40219.1
Project("{FAE04EC0-301F-11D3-BF4B-00C04F79EFBC}") = "CloneExtensions", "src\CloneExtensions\CloneExtensions.csproj", "{87214314-753C-4DA0-B244-1C7B25354AA8}"
EndProject
Project("{FAE04EC0-301F-11D3-BF4B-00C04F79EFBC}") = "CloneExtensions.UnitTests", "src\CloneExtensions.UnitTests\CloneExtensions.UnitTests.csproj", "{FFC4A5C4-46EE-4D9D-A94B-8F365F7971D5}"
EndProject
Global
	GlobalSection(SolutionConfigurationPlatforms) = preSolution
		Debug|Any CPU = Debug|Any CPU
		Release|Any CPU = Release|Any CPU
	EndGlobalSection
	GlobalSection(ProjectConfigurationPlatforms) = postSolution
		{87214314-753C-4DA0-B244-1C7B25354AA8}.Debug|Any CPU.ActiveCfg = Debug|Any CPU
		{87214314-753C-4DA0-B244-1C7B25354AA8}.Debug|Any CPU.Build.0 = Debug|Any CPU
		{87214314-753C-4DA0-B244-1C7B25354AA8}.Release|Any CPU.ActiveCfg = Release|Any CPU
		{87214314-753C-4DA0-B244-1C7B25354AA8}.Release|Any CPU.Build.0 = Release|Any CPU
		{FFC4A5C4-46EE-4D9D-A94B-8F365F7971D5}.Debug|Any CPU.ActiveCfg = Debug|Any CPU
		{FFC4A5C4-46EE-4D9D-A94B-8F365F7971D5}.Debug|Any CPU.Build.0 = Debug|Any CPU
		{FFC4A5C4-46EE-4D9D-A94B-8F365F7971D5}.Release|Any CPU.ActiveCfg = Release|Any CPU
		{FFC4A5C4-46EE-4D9D-A94B-8F365F7971D5}.Release|Any CPU.Build.0 = Release|Any CPU
	EndGlobalSection
	GlobalSection(SolutionProperties) = preSolution
		HideSolutionNode = FALSE
	EndGlobalSection
EndGlobal
